
Microsoft Visual Studio Solution File, Format Version 12.00
# Visual Studio 15
VisualStudioVersion = 15.0.27428.2005
MinimumVisualStudioVersion = 10.0.40219.1
Project("{FAE04EC0-301F-11D3-BF4B-00C04F79EFBC}") = "Zoo", "Zoo\Zoo.csproj", "{491F4F6A-F815-4E5D-9D16-D4D6AC2C75C3}"
EndProject
Project("{FAE04EC0-301F-11D3-BF4B-00C04F79EFBC}") = "ZooTest", "ZooTest\ZooTest.csproj", "{63D197DA-6525-4EEF-9D35-C7A1674C6CA0}"
EndProject
Global
	GlobalSection(SolutionConfigurationPlatforms) = preSolution
		Debug|Any CPU = Debug|Any CPU
		Release|Any CPU = Release|Any CPU
	EndGlobalSection
	GlobalSection(ProjectConfigurationPlatforms) = postSolution
		{491F4F6A-F815-4E5D-9D16-D4D6AC2C75C3}.Debug|Any CPU.ActiveCfg = Debug|Any CPU
		{491F4F6A-F815-4E5D-9D16-D4D6AC2C75C3}.Debug|Any CPU.Build.0 = Debug|Any CPU
		{491F4F6A-F815-4E5D-9D16-D4D6AC2C75C3}.Release|Any CPU.ActiveCfg = Release|Any CPU
		{491F4F6A-F815-4E5D-9D16-D4D6AC2C75C3}.Release|Any CPU.Build.0 = Release|Any CPU
		{63D197DA-6525-4EEF-9D35-C7A1674C6CA0}.Debug|Any CPU.ActiveCfg = Debug|Any CPU
		{63D197DA-6525-4EEF-9D35-C7A1674C6CA0}.Debug|Any CPU.Build.0 = Debug|Any CPU
		{63D197DA-6525-4EEF-9D35-C7A1674C6CA0}.Release|Any CPU.ActiveCfg = Release|Any CPU
		{63D197DA-6525-4EEF-9D35-C7A1674C6CA0}.Release|Any CPU.Build.0 = Release|Any CPU
	EndGlobalSection
	GlobalSection(SolutionProperties) = preSolution
		HideSolutionNode = FALSE
	EndGlobalSection
	GlobalSection(ExtensibilityGlobals) = postSolution
		SolutionGuid = {C7788937-0225-4EFA-B032-9A0634E19164}
	EndGlobalSection
EndGlobal
